
Microsoft Visual Studio Solution File, Format Version 12.00
# Visual Studio Version 17
VisualStudioVersion = 17.4.33205.214
MinimumVisualStudioVersion = 10.0.40219.1
Project("{FAE04EC0-301F-11D3-BF4B-00C04F79EFBC}") = "PssTool", "PssTool.csproj", "{5AC5DF8C-2A7C-4438-BDD7-67B66DEB7614}"
EndProject
Global
	GlobalSection(SolutionConfigurationPlatforms) = preSolution
		Debug|Any CPU = Debug|Any CPU
		Release|Any CPU = Release|Any CPU
	EndGlobalSection
	GlobalSection(ProjectConfigurationPlatforms) = postSolution
		{5AC5DF8C-2A7C-4438-BDD7-67B66DEB7614}.Release|Any CPU.ActiveCfg = Release|Any CPU
		{5AC5DF8C-2A7C-4438-BDD7-67B66DEB7614}.Release|Any CPU.Build.0 = Release|Any CPU
		{5AC5DF8C-2A7C-4438-BDD7-67B66DEB7614}.Debug|Any CPU.ActiveCfg = Debug|Any CPU
		{5AC5DF8C-2A7C-4438-BDD7-67B66DEB7614}.Debug|Any CPU.Build.0 = Debug|Any CPU
	EndGlobalSection
	GlobalSection(SolutionProperties) = preSolution
		HideSolutionNode = FALSE
	EndGlobalSection
	GlobalSection(ExtensibilityGlobals) = postSolution
		SolutionGuid = {113C2D00-F7DE-4943-8ED5-3EEB5C6A6A14}
	EndGlobalSection
EndGlobal
